
Microsoft Visual Studio Solution File, Format Version 12.00
# Visual Studio Version 17
VisualStudioVersion = 17.5.33103.201
MinimumVisualStudioVersion = 10.0.40219.1
Project("{9A19103F-16F7-4668-BE54-9A1E7A4F7556}") = "Vit.Framework", "Vit.Framework\Vit.Framework.csproj", "{EADD0795-0CFD-493C-9628-21FBD8DC7E7B}"
EndProject
Project("{9A19103F-16F7-4668-BE54-9A1E7A4F7556}") = "Vit.Framework.Graphics.OpenGl", "Vit.Framework.Graphics.OpenGl\Vit.Framework.Graphics.OpenGl.csproj", "{0661402F-42D2-483C-94CD-EED27DD2C79D}"
EndProject
Project("{9A19103F-16F7-4668-BE54-9A1E7A4F7556}") = "Vit.Framework.Tests", "Vit.Framework.Tests\Vit.Framework.Tests.csproj", "{39C04C0B-9E31-4557-BC57-9A7CA62BFB56}"
EndProject
Project("{9A19103F-16F7-4668-BE54-9A1E7A4F7556}") = "Vit.Framework.Graphics.TwoD", "Vit.Framework.Graphics.TwoD\Vit.Framework.Graphics.TwoD.csproj", "{C10741F5-E75B-4CAA-9431-7E1068D99DA8}"
EndProject
Project("{9A19103F-16F7-4668-BE54-9A1E7A4F7556}") = "Vit.Framework.Windowing.Sdl", "Vit.Framework.Windowing.Sdl\Vit.Framework.Windowing.Sdl.csproj", "{2F9112D8-9F73-4B41-BB65-59D8C7715820}"
EndProject
Project("{9A19103F-16F7-4668-BE54-9A1E7A4F7556}") = "Vit.Framework.Benchmarks", "Vit.Framework.Benchmarks\Vit.Framework.Benchmarks.csproj", "{71113A14-74B7-4365-BEEE-37DBBCD28AA9}"
EndProject
Project("{9A19103F-16F7-4668-BE54-9A1E7A4F7556}") = "Vit.Framework.Graphics.Vulkan", "Vit.Framework.Graphics.Vulkan\Vit.Framework.Graphics.Vulkan.csproj", "{B133C993-8DF0-4657-9321-DAC5BE9F7017}"
EndProject
Project("{9A19103F-16F7-4668-BE54-9A1E7A4F7556}") = "Vit.Framework.Graphics.Direct3D11", "Vit.Framework.Graphics.Direct3D11\Vit.Framework.Graphics.Direct3D11.csproj", "{D75154BD-CE8B-4259-BDD0-6CE1455D9F70}"
EndProject
Project("{9A19103F-16F7-4668-BE54-9A1E7A4F7556}") = "Vit.Framework.Graphics.Curses", "Vit.Framework.Graphics.Curses\Vit.Framework.Graphics.Curses.csproj", "{CD15FDB6-98E2-4BFB-9F74-85BB0F11F809}"
EndProject
Project("{9A19103F-16F7-4668-BE54-9A1E7A4F7556}") = "Vit.Framework.Graphics.Parsing.WaveFront", "Vit.Framework.Graphics.Parsing.WaveFront\Vit.Framework.Graphics.Parsing.WaveFront.csproj", "{73FB2854-7448-4B12-BF4F-DBF482964C8C}"
EndProject
Project("{9A19103F-16F7-4668-BE54-9A1E7A4F7556}") = "Vit.Framework.Text.Fonts.OpenType", "Vit.Framework.Text.Fonts.OpenType\Vit.Framework.Text.Fonts.OpenType.csproj", "{40F15BC5-5C08-4396-8F5D-8AB65DCE534A}"
EndProject
Project("{9A19103F-16F7-4668-BE54-9A1E7A4F7556}") = "Vit.Framework.Graphics.ThreeD", "Vit.Framework.Graphics.ThreeD\Vit.Framework.Graphics.ThreeD.csproj", "{8C873615-B774-43BB-A3E2-4F5A099DE5C9}"
EndProject
Project("{FAE04EC0-301F-11D3-BF4B-00C04F79EFBC}") = "Vit.Framework.Windowing.Console", "Vit.Framework.Windowing.Console\Vit.Framework.Windowing.Console.csproj", "{E6723E82-B594-462F-B120-949B0DC2984F}"
EndProject
Project("{FAE04EC0-301F-11D3-BF4B-00C04F79EFBC}") = "Vit.Framework.Graphics.Software", "Vit.Framework.Graphics.Software\Vit.Framework.Graphics.Software.csproj", "{24C0D091-5883-43AD-82A7-7457AC937F89}"
EndProject
Global
	GlobalSection(SolutionConfigurationPlatforms) = preSolution
		Debug|Any CPU = Debug|Any CPU
		Release|Any CPU = Release|Any CPU
	EndGlobalSection
	GlobalSection(ProjectConfigurationPlatforms) = postSolution
		{EADD0795-0CFD-493C-9628-21FBD8DC7E7B}.Debug|Any CPU.ActiveCfg = Debug|Any CPU
		{EADD0795-0CFD-493C-9628-21FBD8DC7E7B}.Debug|Any CPU.Build.0 = Debug|Any CPU
		{EADD0795-0CFD-493C-9628-21FBD8DC7E7B}.Release|Any CPU.ActiveCfg = Release|Any CPU
		{EADD0795-0CFD-493C-9628-21FBD8DC7E7B}.Release|Any CPU.Build.0 = Release|Any CPU
		{0661402F-42D2-483C-94CD-EED27DD2C79D}.Debug|Any CPU.ActiveCfg = Debug|Any CPU
		{0661402F-42D2-483C-94CD-EED27DD2C79D}.Debug|Any CPU.Build.0 = Debug|Any CPU
		{0661402F-42D2-483C-94CD-EED27DD2C79D}.Release|Any CPU.ActiveCfg = Release|Any CPU
		{0661402F-42D2-483C-94CD-EED27DD2C79D}.Release|Any CPU.Build.0 = Release|Any CPU
		{39C04C0B-9E31-4557-BC57-9A7CA62BFB56}.Debug|Any CPU.ActiveCfg = Debug|Any CPU
		{39C04C0B-9E31-4557-BC57-9A7CA62BFB56}.Debug|Any CPU.Build.0 = Debug|Any CPU
		{39C04C0B-9E31-4557-BC57-9A7CA62BFB56}.Release|Any CPU.ActiveCfg = Release|Any CPU
		{39C04C0B-9E31-4557-BC57-9A7CA62BFB56}.Release|Any CPU.Build.0 = Release|Any CPU
		{C10741F5-E75B-4CAA-9431-7E1068D99DA8}.Debug|Any CPU.ActiveCfg = Debug|Any CPU
		{C10741F5-E75B-4CAA-9431-7E1068D99DA8}.Debug|Any CPU.Build.0 = Debug|Any CPU
		{C10741F5-E75B-4CAA-9431-7E1068D99DA8}.Release|Any CPU.ActiveCfg = Release|Any CPU
		{C10741F5-E75B-4CAA-9431-7E1068D99DA8}.Release|Any CPU.Build.0 = Release|Any CPU
		{2F9112D8-9F73-4B41-BB65-59D8C7715820}.Debug|Any CPU.ActiveCfg = Debug|Any CPU
		{2F9112D8-9F73-4B41-BB65-59D8C7715820}.Debug|Any CPU.Build.0 = Debug|Any CPU
		{2F9112D8-9F73-4B41-BB65-59D8C7715820}.Release|Any CPU.ActiveCfg = Release|Any CPU
		{2F9112D8-9F73-4B41-BB65-59D8C7715820}.Release|Any CPU.Build.0 = Release|Any CPU
		{71113A14-74B7-4365-BEEE-37DBBCD28AA9}.Debug|Any CPU.ActiveCfg = Debug|Any CPU
		{71113A14-74B7-4365-BEEE-37DBBCD28AA9}.Debug|Any CPU.Build.0 = Debug|Any CPU
		{71113A14-74B7-4365-BEEE-37DBBCD28AA9}.Release|Any CPU.ActiveCfg = Release|Any CPU
		{71113A14-74B7-4365-BEEE-37DBBCD28AA9}.Release|Any CPU.Build.0 = Release|Any CPU
		{B133C993-8DF0-4657-9321-DAC5BE9F7017}.Debug|Any CPU.ActiveCfg = Debug|Any CPU
		{B133C993-8DF0-4657-9321-DAC5BE9F7017}.Debug|Any CPU.Build.0 = Debug|Any CPU
		{B133C993-8DF0-4657-9321-DAC5BE9F7017}.Release|Any CPU.ActiveCfg = Release|Any CPU
		{B133C993-8DF0-4657-9321-DAC5BE9F7017}.Release|Any CPU.Build.0 = Release|Any CPU
		{D75154BD-CE8B-4259-BDD0-6CE1455D9F70}.Debug|Any CPU.ActiveCfg = Debug|Any CPU
		{D75154BD-CE8B-4259-BDD0-6CE1455D9F70}.Debug|Any CPU.Build.0 = Debug|Any CPU
		{D75154BD-CE8B-4259-BDD0-6CE1455D9F70}.Release|Any CPU.ActiveCfg = Release|Any CPU
		{D75154BD-CE8B-4259-BDD0-6CE1455D9F70}.Release|Any CPU.Build.0 = Release|Any CPU
		{CD15FDB6-98E2-4BFB-9F74-85BB0F11F809}.Debug|Any CPU.ActiveCfg = Debug|Any CPU
		{CD15FDB6-98E2-4BFB-9F74-85BB0F11F809}.Debug|Any CPU.Build.0 = Debug|Any CPU
		{CD15FDB6-98E2-4BFB-9F74-85BB0F11F809}.Release|Any CPU.ActiveCfg = Release|Any CPU
		{CD15FDB6-98E2-4BFB-9F74-85BB0F11F809}.Release|Any CPU.Build.0 = Release|Any CPU
		{73FB2854-7448-4B12-BF4F-DBF482964C8C}.Debug|Any CPU.ActiveCfg = Debug|Any CPU
		{73FB2854-7448-4B12-BF4F-DBF482964C8C}.Debug|Any CPU.Build.0 = Debug|Any CPU
		{73FB2854-7448-4B12-BF4F-DBF482964C8C}.Release|Any CPU.ActiveCfg = Release|Any CPU
		{73FB2854-7448-4B12-BF4F-DBF482964C8C}.Release|Any CPU.Build.0 = Release|Any CPU
		{40F15BC5-5C08-4396-8F5D-8AB65DCE534A}.Debug|Any CPU.ActiveCfg = Debug|Any CPU
		{40F15BC5-5C08-4396-8F5D-8AB65DCE534A}.Debug|Any CPU.Build.0 = Debug|Any CPU
		{40F15BC5-5C08-4396-8F5D-8AB65DCE534A}.Release|Any CPU.ActiveCfg = Release|Any CPU
		{40F15BC5-5C08-4396-8F5D-8AB65DCE534A}.Release|Any CPU.Build.0 = Release|Any CPU
		{8C873615-B774-43BB-A3E2-4F5A099DE5C9}.Debug|Any CPU.ActiveCfg = Debug|Any CPU
		{8C873615-B774-43BB-A3E2-4F5A099DE5C9}.Debug|Any CPU.Build.0 = Debug|Any CPU
		{8C873615-B774-43BB-A3E2-4F5A099DE5C9}.Release|Any CPU.ActiveCfg = Release|Any CPU
		{8C873615-B774-43BB-A3E2-4F5A099DE5C9}.Release|Any CPU.Build.0 = Release|Any CPU
		{E6723E82-B594-462F-B120-949B0DC2984F}.Debug|Any CPU.ActiveCfg = Debug|Any CPU
		{E6723E82-B594-462F-B120-949B0DC2984F}.Debug|Any CPU.Build.0 = Debug|Any CPU
		{E6723E82-B594-462F-B120-949B0DC2984F}.Release|Any CPU.ActiveCfg = Release|Any CPU
		{E6723E82-B594-462F-B120-949B0DC2984F}.Release|Any CPU.Build.0 = Release|Any CPU
		{24C0D091-5883-43AD-82A7-7457AC937F89}.Debug|Any CPU.ActiveCfg = Debug|Any CPU
		{24C0D091-5883-43AD-82A7-7457AC937F89}.Debug|Any CPU.Build.0 = Debug|Any CPU
		{24C0D091-5883-43AD-82A7-7457AC937F89}.Release|Any CPU.ActiveCfg = Release|Any CPU
		{24C0D091-5883-43AD-82A7-7457AC937F89}.Release|Any CPU.Build.0 = Release|Any CPU
	EndGlobalSection
	GlobalSection(SolutionProperties) = preSolution
		HideSolutionNode = FALSE
	EndGlobalSection
	GlobalSection(ExtensibilityGlobals) = postSolution
		SolutionGuid = {E80B2FD9-4B7B-41A9-B4A2-EB47AA8426EF}
	EndGlobalSection
EndGlobal
