
Microsoft Visual Studio Solution File, Format Version 12.00
# Visual Studio Version 17
VisualStudioVersion = 17.5.33103.201
MinimumVisualStudioVersion = 10.0.40219.1
Project("{FAE04EC0-301F-11D3-BF4B-00C04F79EFBC}") = "Vit.Framework", "Vit.Framework\Vit.Framework.csproj", "{EADD0795-0CFD-493C-9628-21FBD8DC7E7B}"
EndProject
Global
	GlobalSection(SolutionConfigurationPlatforms) = preSolution
		Debug|Any CPU = Debug|Any CPU
		Release|Any CPU = Release|Any CPU
	EndGlobalSection
	GlobalSection(ProjectConfigurationPlatforms) = postSolution
		{EADD0795-0CFD-493C-9628-21FBD8DC7E7B}.Debug|Any CPU.ActiveCfg = Debug|Any CPU
		{EADD0795-0CFD-493C-9628-21FBD8DC7E7B}.Debug|Any CPU.Build.0 = Debug|Any CPU
		{EADD0795-0CFD-493C-9628-21FBD8DC7E7B}.Release|Any CPU.ActiveCfg = Release|Any CPU
		{EADD0795-0CFD-493C-9628-21FBD8DC7E7B}.Release|Any CPU.Build.0 = Release|Any CPU
	EndGlobalSection
	GlobalSection(SolutionProperties) = preSolution
		HideSolutionNode = FALSE
	EndGlobalSection
	GlobalSection(ExtensibilityGlobals) = postSolution
		SolutionGuid = {E80B2FD9-4B7B-41A9-B4A2-EB47AA8426EF}
	EndGlobalSection
EndGlobal
